
Microsoft Visual Studio Solution File, Format Version 12.00
# Visual Studio Version 16
VisualStudioVersion = 16.0.30011.22
MinimumVisualStudioVersion = 10.0.40219.1
Project("{FAE04EC0-301F-11D3-BF4B-00C04F79EFBC}") = "PharmacyAppOnLesson", "PharmacyAppOnLesson\PharmacyAppOnLesson.csproj", "{798E183C-88DA-4F32-A1BF-A9C6E5F660AF}"
EndProject
Global
	GlobalSection(SolutionConfigurationPlatforms) = preSolution
		Debug|Any CPU = Debug|Any CPU
		Release|Any CPU = Release|Any CPU
	EndGlobalSection
	GlobalSection(ProjectConfigurationPlatforms) = postSolution
		{798E183C-88DA-4F32-A1BF-A9C6E5F660AF}.Debug|Any CPU.ActiveCfg = Debug|Any CPU
		{798E183C-88DA-4F32-A1BF-A9C6E5F660AF}.Debug|Any CPU.Build.0 = Debug|Any CPU
		{798E183C-88DA-4F32-A1BF-A9C6E5F660AF}.Release|Any CPU.ActiveCfg = Release|Any CPU
		{798E183C-88DA-4F32-A1BF-A9C6E5F660AF}.Release|Any CPU.Build.0 = Release|Any CPU
	EndGlobalSection
	GlobalSection(SolutionProperties) = preSolution
		HideSolutionNode = FALSE
	EndGlobalSection
	GlobalSection(ExtensibilityGlobals) = postSolution
		SolutionGuid = {30CF0DA5-2D61-4081-903B-4C2AE2DBA229}
	EndGlobalSection
EndGlobal
